
Microsoft Visual Studio Solution File, Format Version 12.00
# Visual Studio Version 16
VisualStudioVersion = 16.0.31911.196
MinimumVisualStudioVersion = 10.0.40219.1
Project("{FAE04EC0-301F-11D3-BF4B-00C04F79EFBC}") = "PermisoVuelosCharterEspeciales", "PermisoVuelosCharterEspeciales\PermisoVuelosCharterEspeciales.csproj", "{D9B11FCF-2B04-4ED3-A420-981629CDE670}"
EndProject
Global
	GlobalSection(SolutionConfigurationPlatforms) = preSolution
		Debug|Any CPU = Debug|Any CPU
		Release|Any CPU = Release|Any CPU
	EndGlobalSection
	GlobalSection(ProjectConfigurationPlatforms) = postSolution
		{D9B11FCF-2B04-4ED3-A420-981629CDE670}.Debug|Any CPU.ActiveCfg = Debug|Any CPU
		{D9B11FCF-2B04-4ED3-A420-981629CDE670}.Debug|Any CPU.Build.0 = Debug|Any CPU
		{D9B11FCF-2B04-4ED3-A420-981629CDE670}.Release|Any CPU.ActiveCfg = Release|Any CPU
		{D9B11FCF-2B04-4ED3-A420-981629CDE670}.Release|Any CPU.Build.0 = Release|Any CPU
	EndGlobalSection
	GlobalSection(SolutionProperties) = preSolution
		HideSolutionNode = FALSE
	EndGlobalSection
	GlobalSection(ExtensibilityGlobals) = postSolution
		SolutionGuid = {687F7282-0EC0-4763-8B50-F3632F1770BE}
	EndGlobalSection
EndGlobal
